
Microsoft Visual Studio Solution File, Format Version 12.00
# Visual Studio Version 17
VisualStudioVersion = 17.9.34728.123
MinimumVisualStudioVersion = 10.0.40219.1
Project("{8BC9CEB8-8B4A-11D0-8D11-00A0C91BC942}") = "PacWoman", "PacWoman.vcxproj", "{EB2D7DFC-3C4C-42C5-8FC2-8C04C012F89D}"
EndProject
Global
	GlobalSection(SolutionConfigurationPlatforms) = preSolution
		Debug|x64 = Debug|x64
		Debug|x86 = Debug|x86
		Release|x64 = Release|x64
		Release|x86 = Release|x86
	EndGlobalSection
	GlobalSection(ProjectConfigurationPlatforms) = postSolution
		{EB2D7DFC-3C4C-42C5-8FC2-8C04C012F89D}.Debug|x64.ActiveCfg = Debug|x64
		{EB2D7DFC-3C4C-42C5-8FC2-8C04C012F89D}.Debug|x64.Build.0 = Debug|x64
		{EB2D7DFC-3C4C-42C5-8FC2-8C04C012F89D}.Debug|x86.ActiveCfg = Debug|Win32
		{EB2D7DFC-3C4C-42C5-8FC2-8C04C012F89D}.Debug|x86.Build.0 = Debug|Win32
		{EB2D7DFC-3C4C-42C5-8FC2-8C04C012F89D}.Release|x64.ActiveCfg = Release|x64
		{EB2D7DFC-3C4C-42C5-8FC2-8C04C012F89D}.Release|x64.Build.0 = Release|x64
		{EB2D7DFC-3C4C-42C5-8FC2-8C04C012F89D}.Release|x86.ActiveCfg = Release|Win32
		{EB2D7DFC-3C4C-42C5-8FC2-8C04C012F89D}.Release|x86.Build.0 = Release|Win32
	EndGlobalSection
	GlobalSection(SolutionProperties) = preSolution
		HideSolutionNode = FALSE
	EndGlobalSection
	GlobalSection(ExtensibilityGlobals) = postSolution
		SolutionGuid = {4AED1590-C419-4299-9062-83E71F897BCF}
	EndGlobalSection
EndGlobal
